
Microsoft Visual Studio Solution File, Format Version 12.00
# Visual Studio Version 17
VisualStudioVersion = 17.12.35514.174
MinimumVisualStudioVersion = 10.0.40219.1
Project("{2150E333-8FDC-42A3-9474-1A3956D46DE8}") = "src", "src", "{80949BB7-A717-4CC6-BE53-C9069A99A54B}"
EndProject
Project("{FAE04EC0-301F-11D3-BF4B-00C04F79EFBC}") = "AppMvcFuncional", "src\AppMvcFuncional\AppMvcFuncional.csproj", "{E1A7CA29-2CE0-486F-96C8-E05987518409}"
EndProject
Global
	GlobalSection(SolutionConfigurationPlatforms) = preSolution
		Debug|Any CPU = Debug|Any CPU
		Release|Any CPU = Release|Any CPU
	EndGlobalSection
	GlobalSection(ProjectConfigurationPlatforms) = postSolution
		{E1A7CA29-2CE0-486F-96C8-E05987518409}.Debug|Any CPU.ActiveCfg = Debug|Any CPU
		{E1A7CA29-2CE0-486F-96C8-E05987518409}.Debug|Any CPU.Build.0 = Debug|Any CPU
		{E1A7CA29-2CE0-486F-96C8-E05987518409}.Release|Any CPU.ActiveCfg = Release|Any CPU
		{E1A7CA29-2CE0-486F-96C8-E05987518409}.Release|Any CPU.Build.0 = Release|Any CPU
	EndGlobalSection
	GlobalSection(SolutionProperties) = preSolution
		HideSolutionNode = FALSE
	EndGlobalSection
	GlobalSection(NestedProjects) = preSolution
		{E1A7CA29-2CE0-486F-96C8-E05987518409} = {80949BB7-A717-4CC6-BE53-C9069A99A54B}
	EndGlobalSection
EndGlobal
